// !$*UTF8*$!
{
	archiveVersion = 1;
	classes = {
	};
	objectVersion = 46;
	objects = {

/* Begin PBXBuildFile section */
		4D6045611F5E802F009073FF /* main.m in Sources */ = {isa = PBXBuildFile; fileRef = 4D6045601F5E802F009073FF /* main.m */; };
		4D6045641F5E802F009073FF /* AppDelegate.m in Sources */ = {isa = PBXBuildFile; fileRef = 4D6045631F5E802F009073FF /* AppDelegate.m */; };
		4D6045671F5E802F009073FF /* ViewController.m in Sources */ = {isa = PBXBuildFile; fileRef = 4D6045661F5E802F009073FF /* ViewController.m */; };
		4D60456A1F5E802F009073FF /* Main.storyboard in Resources */ = {isa = PBXBuildFile; fileRef = 4D6045681F5E802F009073FF /* Main.storyboard */; };
		4D60456C1F5E802F009073FF /* Assets.xcassets in Resources */ = {isa = PBXBuildFile; fileRef = 4D60456B1F5E802F009073FF /* Assets.xcassets */; };
		4D60456F1F5E802F009073FF /* LaunchScreen.storyboard in Resources */ = {isa = PBXBuildFile; fileRef = 4D60456D1F5E802F009073FF /* LaunchScreen.storyboard */; };
/* End PBXBuildFile section */

/* Begin PBXFileReference section */
		4D60455C1F5E802F009073FF /* Activity.app */ = {isa = PBXFileReference; explicitFileType = wrapper.application; includeInIndex = 0; path = Activity.app; sourceTree = BUILT_PRODUCTS_DIR; };
		4D6045601F5E802F009073FF /* main.m */ = {isa = PBXFileReference; lastKnownFileType = sourcecode.c.objc; path = main.m; sourceTree = "<group>"; };
		4D6045621F5E802F009073FF /* AppDelegate.h */ = {isa = PBXFileReference; lastKnownFileType = sourcecode.c.h; path = AppDelegate.h; sourceTree = "<group>"; };
		4D6045631F5E802F009073FF /* AppDelegate.m */ = {isa = PBXFileReference; lastKnownFileType = sourcecode.c.objc; path = AppDelegate.m; sourceTree = "<group>"; };
		4D6045651F5E802F009073FF /* ViewController.h */ = {isa = PBXFileReference; lastKnownFileType = sourcecode.c.h; path = ViewController.h; sourceTree = "<group>"; };
		4D6045661F5E802F009073FF /* ViewController.m */ = {isa = PBXFileReference; lastKnownFileType = sourcecode.c.objc; path = ViewController.m; sourceTree = "<group>"; };
		4D6045691F5E802F009073FF /* Base */ = {isa = PBXFileReference; lastKnownFileType = file.storyboard; name = Base; path = Base.lproj/Main.storyboard; sourceTree = "<group>"; };
		4D60456B1F5E802F009073FF /* Assets.xcassets */ = {isa = PBXFileReference; lastKnownFileType = folder.assetcatalog; path = Assets.xcassets; sourceTree = "<group>"; };
		4D60456E1F5E802F009073FF /* Base */ = {isa = PBXFileReference; lastKnownFileType = file.storyboard; name = Base; path = Base.lproj/LaunchScreen.storyboard; sourceTree = "<group>"; };
		4D6045701F5E802F009073FF /* Info.plist */ = {isa = PBXFileReference; lastKnownFileType = text.plist.xml; path = Info.plist; sourceTree = "<group>"; };
/* End PBXFileReference section */

/* Begin PBXFrameworksBuildPhase section */
		4D6045591F5E802F009073FF /* Frameworks */ = {
			isa = PBXFrameworksBuildPhase;
			buildActionMask = 2147483647;
			files = (
			);
			runOnlyForDeploymentPostprocessing = 0;
		};
/* End PBXFrameworksBuildPhase section */

/* Begin PBXGroup section */
		4D6045531F5E802F009073FF = {
			isa = PBXGroup;
			children = (
				4D60455E1F5E802F009073FF /* Activity */,
				4D60455D1F5E802F009073FF /* Products */,
			);
			sourceTree = "<group>";
		};
		4D60455D1F5E802F009073FF /* Products */ = {
			isa = PBXGroup;
			children = (
				4D60455C1F5E802F009073FF /* Activity.app */,
			);
			name = Products;
			sourceTree = "<group>";
		};
		4D60455E1F5E802F009073FF /* Activity */ = {
			isa = PBXGroup;
			children = (
				4D6045621F5E802F009073FF /* AppDelegate.h */,
				4D6045631F5E802F009073FF /* AppDelegate.m */,
				4D6045651F5E802F009073FF /* ViewController.h */,
				4D6045661F5E802F009073FF /* ViewController.m */,
				4D6045681F5E802F009073FF /* Main.storyboard */,
				4D60456B1F5E802F009073FF /* Assets.xcassets */,
				4D60456D1F5E802F009073FF /* LaunchScreen.storyboard */,
				4D6045701F5E802F009073FF /* Info.plist */,
				4D60455F1F5E802F009073FF /* Supporting Files */,
			);
			path = Activity;
			sourceTree = "<group>";
		};
		4D60455F1F5E802F009073FF /* Supporting Files */ = {
			isa = PBXGroup;
			children = (
				4D6045601F5E802F009073FF /* main.m */,
			);
			name = "Supporting Files";
			sourceTree = "<group>";
		};
/* End PBXGroup section */

/* Begin PBXNativeTarget section */
		4D60455B1F5E802F009073FF /* Activity */ = {
			isa = PBXNativeTarget;
			buildConfigurationList = 4D6045731F5E802F009073FF /* Build configuration list for PBXNativeTarget "Activity" */;
			buildPhases = (
				4D6045581F5E802F009073FF /* Sources */,
				4D6045591F5E802F009073FF /* Frameworks */,
				4D60455A1F5E802F009073FF /* Resources */,
			);
			buildRules = (
			);
			dependencies = (
			);
			name = Activity;
			productName = Activity;
			productReference = 4D60455C1F5E802F009073FF /* Activity.app */;
			productType = "com.apple.product-type.application";
		};
/* End PBXNativeTarget section */

/* Begin PBXProject section */
		4D6045541F5E802F009073FF /* Project object */ = {
			isa = PBXProject;
			attributes = {
				LastUpgradeCheck = 0830;
				ORGANIZATIONNAME = "安宁";
				TargetAttributes = {
					4D60455B1F5E802F009073FF = {
						CreatedOnToolsVersion = 8.3;
						ProvisioningStyle = Automatic;
					};
				};
			};
			buildConfigurationList = 4D6045571F5E802F009073FF /* Build configuration list for PBXProject "Activity" */;
			compatibilityVersion = "Xcode 3.2";
			developmentRegion = English;
			hasScannedForEncodings = 0;
			knownRegions = (
				en,
				Base,
			);
			mainGroup = 4D6045531F5E802F009073FF;
			productRefGroup = 4D60455D1F5E802F009073FF /* Products */;
			projectDirPath = "";
			projectRoot = "";
			targets = (
				4D60455B1F5E802F009073FF /* Activity */,
			);
		};
/* End PBXProject section */

/* Begin PBXResourcesBuildPhase section */
		4D60455A1F5E802F009073FF /* Resources */ = {
			isa = PBXResourcesBuildPhase;
			buildActionMask = 2147483647;
			files = (
				4D60456F1F5E802F009073FF /* LaunchScreen.storyboard in Resources */,
				4D60456C1F5E802F009073FF /* Assets.xcassets in Resources */,
				4D60456A1F5E802F009073FF /* Main.storyboard in Resources */,
			);
			runOnlyForDeploymentPostprocessing = 0;
		};
/* End PBXResourcesBuildPhase section */

/* Begin PBXSourcesBuildPhase section */
		4D6045581F5E802F009073FF /* Sources */ = {
			isa = PBXSourcesBuildPhase;
			buildActionMask = 2147483647;
			files = (
				4D6045671F5E802F009073FF /* ViewController.m in Sources */,
				4D6045641F5E802F009073FF /* AppDelegate.m in Sources */,
				4D6045611F5E802F009073FF /* main.m in Sources */,
			);
			runOnlyForDeploymentPostprocessing = 0;
		};
/* End PBXSourcesBuildPhase section */

/* Begin PBXVariantGroup section */
		4D6045681F5E802F009073FF /* Main.storyboard */ = {
			isa = PBXVariantGroup;
			children = (
				4D6045691F5E802F009073FF /* Base */,
			);
			name = Main.storyboard;
			sourceTree = "<group>";
		};
		4D60456D1F5E802F009073FF /* LaunchScreen.storyboard */ = {
			isa = PBXVariantGroup;
			children = (
				4D60456E1F5E802F009073FF /* Base */,
			);
			name = LaunchScreen.storyboard;
			sourceTree = "<group>";
		};
/* End PBXVariantGroup section */

/* Begin XCBuildConfiguration section */
		4D6045711F5E802F009073FF /* Debug */ = {
			isa = XCBuildConfiguration;
			buildSettings = {
				ALWAYS_SEARCH_USER_PATHS = NO;
				CLANG_ANALYZER_NONNULL = YES;
				CLANG_ANALYZER_NUMBER_OBJECT_CONVERSION = YES_AGGRESSIVE;
				CLANG_CXX_LANGUAGE_STANDARD = "gnu++0x";
				CLANG_CXX_LIBRARY = "libc++";
				CLANG_ENABLE_MODULES = YES;
				CLANG_ENABLE_OBJC_ARC = YES;
				CLANG_WARN_BOOL_CONVERSION = YES;
				CLANG_WARN_CONSTANT_CONVERSION = YES;
				CLANG_WARN_DIRECT_OBJC_ISA_USAGE = YES_ERROR;
				CLANG_WARN_DOCUMENTATION_COMMENTS = YES;
				CLANG_WARN_EMPTY_BODY = YES;
				CLANG_WARN_ENUM_CONVERSION = YES;
				CLANG_WARN_INFINITE_RECURSION = YES;
				CLANG_WARN_INT_CONVERSION = YES;
				CLANG_WARN_OBJC_ROOT_CLASS = YES_ERROR;
				CLANG_WARN_SUSPICIOUS_MOVE = YES;
				CLANG_WARN_UNREACHABLE_CODE = YES;
				CLANG_WARN__DUPLICATE_METHOD_MATCH = YES;
				"CODE_SIGN_IDENTITY[sdk=iphoneos*]" = "iPhone Developer";
				COPY_PHASE_STRIP = NO;
				DEBUG_INFORMATION_FORMAT = dwarf;
				ENABLE_STRICT_OBJC_MSGSEND = YES;
				ENABLE_TESTABILITY = YES;
				GCC_C_LANGUAGE_STANDARD = gnu99;
				GCC_DYNAMIC_NO_PIC = NO;
				GCC_NO_COMMON_BLOCKS = YES;
				GCC_OPTIMIZATION_LEVEL = 0;
				GCC_PREPROCESSOR_DEFINITIONS = (
					"DEBUG=1",
					"$(inherited)",
				);
				GCC_WARN_64_TO_32_BIT_CONVERSION = YES;
				GCC_WARN_ABOUT_RETURN_TYPE = YES_ERROR;
				GCC_WARN_UNDECLARED_SELECTOR = YES;
				GCC_WARN_UNINITIALIZED_AUTOS = YES_AGGRESSIVE;
				GCC_WARN_UNUSED_FUNCTION = YES;
				GCC_WARN_UNUSED_VARIABLE = YES;
				IPHONEOS_DEPLOYMENT_TARGET = 10.3;
				MTL_ENABLE_DEBUG_INFO = YES;
				ONLY_ACTIVE_ARCH = YES;
				SDKROOT = iphoneos;
			};
			name = Debug;
		};
		4D6045721F5E802F009073FF /* Release */ = {
			isa = XCBuildConfiguration;
			buildSettings = {
				ALWAYS_SEARCH_USER_PATHS = NO;
				CLANG_ANALYZER_NONNULL = YES;
				CLANG_ANALYZER_NUMBER_OBJECT_CONVERSION = YES_AGGRESSIVE;
				CLANG_CXX_LANGUAGE_STANDARD = "gnu++0x";
				CLANG_CXX_LIBRARY = "libc++";
				CLANG_ENABLE_MODULES = YES;
				CLANG_ENABLE_OBJC_ARC = YES;
				CLANG_WARN_BOOL_CONVERSION = YES;
				CLANG_WARN_CONSTANT_CONVERSION = YES;
				CLANG_WARN_DIRECT_OBJC_ISA_USAGE = YES_ERROR;
				CLANG_WARN_DOCUMENTATION_COMMENTS = YES;
				CLANG_WARN_EMPTY_BODY = YES;
				CLANG_WARN_ENUM_CONVERSION = YES;
				CLANG_WARN_INFINITE_RECURSION = YES;
				CLANG_WARN_INT_CONVERSION = YES;
				CLANG_WARN_OBJC_ROOT_CLASS = YES_ERROR;
				CLANG_WARN_SUSPICIOUS_MOVE = YES;
				CLANG_WARN_UNREACHABLE_CODE = YES;
				CLANG_WARN__DUPLICATE_METHOD_MATCH = YES;
				"CODE_SIGN_IDENTITY[sdk=iphoneos*]" = "iPhone Developer";
				COPY_PHASE_STRIP = NO;
				DEBUG_INFORMATION_FORMAT = "dwarf-with-dsym";
				ENABLE_NS_ASSERTIONS = NO;
				ENABLE_STRICT_OBJC_MSGSEND = YES;
				GCC_C_LANGUAGE_STANDARD = gnu99;
				GCC_NO_COMMON_BLOCKS = YES;
				GCC_WARN_64_TO_32_BIT_CONVERSION = YES;
				GCC_WARN_ABOUT_RETURN_TYPE = YES_ERROR;
				GCC_WARN_UNDECLARED_SELECTOR = YES;
				GCC_WARN_UNINITIALIZED_AUTOS = YES_AGGRESSIVE;
				GCC_WARN_UNUSED_FUNCTION = YES;
				GCC_WARN_UNUSED_VARIABLE = YES;
				IPHONEOS_DEPLOYMENT_TARGET = 10.3;
				MTL_ENABLE_DEBUG_INFO = NO;
				SDKROOT = iphoneos;
				VALIDATE_PRODUCT = YES;
			};
			name = Release;
		};
		4D6045741F5E802F009073FF /* Debug */ = {
			isa = XCBuildConfiguration;
			buildSettings = {
				ASSETCATALOG_COMPILER_APPICON_NAME = AppIcon;
				INFOPLIST_FILE = Activity/Info.plist;
				LD_RUNPATH_SEARCH_PATHS = "$(inherited) @executable_path/Frameworks";
				PRODUCT_BUNDLE_IDENTIFIER = anning.Activity;
				PRODUCT_NAME = "$(TARGET_NAME)";
			};
			name = Debug;
		};
		4D6045751F5E802F009073FF /* Release */ = {
			isa = XCBuildConfiguration;
			buildSettings = {
				ASSETCATALOG_COMPILER_APPICON_NAME = AppIcon;
				INFOPLIST_FILE = Activity/Info.plist;
				LD_RUNPATH_SEARCH_PATHS = "$(inherited) @executable_path/Frameworks";
				PRODUCT_BUNDLE_IDENTIFIER = anning.Activity;
				PRODUCT_NAME = "$(TARGET_NAME)";
			};
			name = Release;
		};
/* End XCBuildConfiguration section */

/* Begin XCConfigurationList section */
		4D6045571F5E802F009073FF /* Build configuration list for PBXProject "Activity" */ = {
			isa = XCConfigurationList;
			buildConfigurations = (
				4D6045711F5E802F009073FF /* Debug */,
				4D6045721F5E802F009073FF /* Release */,
			);
			defaultConfigurationIsVisible = 0;
			defaultConfigurationName = Release;
		};
		4D6045731F5E802F009073FF /* Build configuration list for PBXNativeTarget "Activity" */ = {
			isa = XCConfigurationList;
			buildConfigurations = (
				4D6045741F5E802F009073FF /* Debug */,
				4D6045751F5E802F009073FF /* Release */,
			);
			defaultConfigurationIsVisible = 0;
		};
/* End XCConfigurationList section */
	};
	rootObject = 4D6045541F5E802F009073FF /* Project object */;
}
